Microsoft Visual Studio Solution File, Format Version 12.00
# Visual Studio Version 17
VisualStudioVersion = 17.3.32825.248
MinimumVisualStudioVersion = 10.0.40219.1
Project("{9A19103F-16F7-4668-BE54-9A1E7A4F7556}") = "Hutzper.Library.AaaTemplate", "Hutzper.Library.AaaTemplate\Hutzper.Library.AaaTemplate.csproj", "{D6938DD2-5314-4C91-995E-D5AE5567D66A}"
EndProject
Project("{9A19103F-16F7-4668-BE54-9A1E7A4F7556}") = "Hutzper.Library.Common", "Hutzper.Library.Common\Hutzper.Library.Common.csproj", "{54701616-0C71-4BB2-B1D1-70A8DB89EB75}"
EndProject
Project("{9A19103F-16F7-4668-BE54-9A1E7A4F7556}") = "Hutzper.Library.Vibrometer", "Hutzper.Library.Vibrometer\Hutzper.Library.Vibrometer.csproj", "{7C90830E-F6F8-4DF7-8CEA-48D21D81564B}"
EndProject
Project("{9A19103F-16F7-4668-BE54-9A1E7A4F7556}") = "Hutzper.Library.Forms", "Hutzper.Library.Forms\Hutzper.Library.Forms.csproj", "{813016A9-7B8A-4569-9275-5FD8C64587D6}"
EndProject
Project("{9A19103F-16F7-4668-BE54-9A1E7A4F7556}") = "Hutzper.Library.ImageProcessing", "Hutzper.Library.ImageProcessing\Hutzper.Library.ImageProcessing.csproj", "{3157E73E-2AAF-4ED3-89F0-17CB7BF613A4}"
EndProject
Project("{9A19103F-16F7-4668-BE54-9A1E7A4F7556}") = "Hutzper.Library.ImageGrabber", "Hutzper.Library.ImageGrabber\Hutzper.Library.ImageGrabber.csproj", "{A57344E0-A569-4410-8D9F-D51B7EA92C8B}"
EndProject
Project("{9A19103F-16F7-4668-BE54-9A1E7A4F7556}") = "Hutzper.Library.LightController", "Hutzper.Library.LightController\Hutzper.Library.LightController.csproj", "{06B7F006-264F-48CF-99B7-AE715B6259CE}"
EndProject
Project("{9A19103F-16F7-4668-BE54-9A1E7A4F7556}") = "Hutzper.Library.DigitalIO", "Hutzper.Library.DigitalIO\Hutzper.Library.DigitalIO.csproj", "{05C8AA6A-95DD-4E3D-AFD4-4D828CC98124}"
EndProject
Project("{9A19103F-16F7-4668-BE54-9A1E7A4F7556}") = "Hutzper.Library.CodeReader", "Hutzper.Library.CodeReader\Hutzper.Library.CodeReader.csproj", "{1E5C6683-46CA-4690-A169-EB4F50B6871B}"
EndProject
Project("{9A19103F-16F7-4668-BE54-9A1E7A4F7556}") = "Hutzper.Library.InsightLinkage", "Hutzper.Library.InsightLinkage\Hutzper.Library.InsightLinkage.csproj", "{3402C25D-6244-46B1-8959-CB5B1B53A53C}"
EndProject
Project("{9A19103F-16F7-4668-BE54-9A1E7A4F7556}") = "Hutzper.Simulator.DigitalIO", "Hutzper.Simulator.DigitalIO\Hutzper.Simulator.DigitalIO.csproj", "{4EA87032-9311-46D5-83BE-3BD495071656}"
EndProject
Project("{9A19103F-16F7-4668-BE54-9A1E7A4F7556}") = "Hutzper.Library.DigitalIO.Test", "Hutzper.Library.DigitalIO.Test\Hutzper.Library.DigitalIO.Test.csproj", "{92818029-50EA-42E2-A415-133DBBD364D1}"
EndProject
Project("{9A19103F-16F7-4668-BE54-9A1E7A4F7556}") = "Hutzper.Library.Onnx", "Hutzper.Library.Onnx\Hutzper.Library.Onnx.csproj", "{EFEFEA56-3288-4B73-B5F1-BECAD3A457B1}"
EndProject
Project("{9A19103F-16F7-4668-BE54-9A1E7A4F7556}") = "Hutzper.Simulator.PlcTcpCommunication", "Hutzper.Simulator.PlcTcpCommunication\Hutzper.Simulator.PlcTcpCommunication.csproj", "{326EE8A7-FCED-442C-BBAD-7C3040C16374}"
EndProject
Project("{9A19103F-16F7-4668-BE54-9A1E7A4F7556}") = "Hutzper.Library.AaaTemplate.Test", "Hutzper.Library.AaaTemplate.Test\Hutzper.Library.AaaTemplate.Test.csproj", "{0291A00E-ABEF-41B2-BC7F-AE3882E057A0}"
EndProject
Project("{9A19103F-16F7-4668-BE54-9A1E7A4F7556}") = "Hutzper.Library.Onnx.Test", "Hutzper.Library.Onnx.Test\Hutzper.Library.Onnx.Test.csproj", "{1E6C7E61-2ADE-4B19-8B86-AE7186757361}"
EndProject
Project("{9A19103F-16F7-4668-BE54-9A1E7A4F7556}") = "Hutzper.Library.Wpf", "Hutzper.Library.Wpf\Hutzper.Library.Wpf.csproj", "{F15A305C-61D8-4908-AE73-B234AF85D341}"
EndProject
Project("{9A19103F-16F7-4668-BE54-9A1E7A4F7556}") = "Hutzper.Project.Mekiki", "Hutzper.Project.Mekiki\Hutzper.Project.Mekiki.csproj", "{C0CB6196-CA6A-4480-A988-2B3B5C280B55}"
EndProject
Project("{9A19103F-16F7-4668-BE54-9A1E7A4F7556}") = "Hutzper.Project.Mekiki.Test", "Hutzper.Project.Mekiki.Test\Hutzper.Project.Mekiki.Test.csproj", "{0370D52C-8599-6BCC-D8B7-B7F73880C148}"
EndProject
Project("{C7167F0D-BC9F-4E6E-AFE1-012C56B48DB5}") = "Hutzper.Project.Mekiki.Package", "Hutzper.Project.Mekiki.Package\Hutzper.Project.Mekiki.Package.wapproj", "{524CE2D6-ED7E-40FB-98CB-5B12881D52CA}"
EndProject
Project("{9A19103F-16F7-4668-BE54-9A1E7A4F7556}") = "Hutzper.Library.Security", "Hutzper.Library.Security\Hutzper.Library.Security.csproj", "{52862F75-77EE-4004-82EE-914D92A07E44}"
EndProject
Project("{9A19103F-16F7-4668-BE54-9A1E7A4F7556}") = "Hutzper.Library.Security.Test", "Hutzper.Library.Security.Test\Hutzper.Library.Security.Test.csproj", "{E7D43EF8-6789-4009-A770-A017658BF9BC}"
EndProject
Global
	GlobalSection(SolutionConfigurationPlatforms) = preSolution
		Debug|Any CPU = Debug|Any CPU
		Debug|ARM = Debug|ARM
		Debug|ARM64 = Debug|ARM64
		Debug|x64 = Debug|x64
		Debug|x86 = Debug|x86
		Release|Any CPU = Release|Any CPU
		Release|ARM = Release|ARM
		Release|ARM64 = Release|ARM64
		Release|x64 = Release|x64
		Release|x86 = Release|x86
	EndGlobalSection
	GlobalSection(ProjectConfigurationPlatforms) = postSolution
		{D6938DD2-5314-4C91-995E-D5AE5567D66A}.Debug|Any CPU.ActiveCfg = Debug|x64
		{D6938DD2-5314-4C91-995E-D5AE5567D66A}.Debug|Any CPU.Build.0 = Debug|x64
		{D6938DD2-5314-4C91-995E-D5AE5567D66A}.Debug|ARM.ActiveCfg = Debug|x64
		{D6938DD2-5314-4C91-995E-D5AE5567D66A}.Debug|ARM.Build.0 = Debug|x64
		{D6938DD2-5314-4C91-995E-D5AE5567D66A}.Debug|ARM64.ActiveCfg = Debug|x64
		{D6938DD2-5314-4C91-995E-D5AE5567D66A}.Debug|ARM64.Build.0 = Debug|x64
		{D6938DD2-5314-4C91-995E-D5AE5567D66A}.Debug|x64.ActiveCfg = Debug|x64
		{D6938DD2-5314-4C91-995E-D5AE5567D66A}.Debug|x64.Build.0 = Debug|x64
		{D6938DD2-5314-4C91-995E-D5AE5567D66A}.Debug|x86.ActiveCfg = Debug|x64
		{D6938DD2-5314-4C91-995E-D5AE5567D66A}.Debug|x86.Build.0 = Debug|x64
		{D6938DD2-5314-4C91-995E-D5AE5567D66A}.Release|Any CPU.ActiveCfg = Release|x64
		{D6938DD2-5314-4C91-995E-D5AE5567D66A}.Release|Any CPU.Build.0 = Release|x64
		{D6938DD2-5314-4C91-995E-D5AE5567D66A}.Release|ARM.ActiveCfg = Release|x64
		{D6938DD2-5314-4C91-995E-D5AE5567D66A}.Release|ARM.Build.0 = Release|x64
		{D6938DD2-5314-4C91-995E-D5AE5567D66A}.Release|ARM64.ActiveCfg = Release|x64
		{D6938DD2-5314-4C91-995E-D5AE5567D66A}.Release|ARM64.Build.0 = Release|x64
		{D6938DD2-5314-4C91-995E-D5AE5567D66A}.Release|x64.ActiveCfg = Release|x64
		{D6938DD2-5314-4C91-995E-D5AE5567D66A}.Release|x64.Build.0 = Release|x64
		{D6938DD2-5314-4C91-995E-D5AE5567D66A}.Release|x86.ActiveCfg = Release|x64
		{D6938DD2-5314-4C91-995E-D5AE5567D66A}.Release|x86.Build.0 = Release|x64
		{54701616-0C71-4BB2-B1D1-70A8DB89EB75}.Debug|Any CPU.ActiveCfg = Debug|x64
		{54701616-0C71-4BB2-B1D1-70A8DB89EB75}.Debug|Any CPU.Build.0 = Debug|x64
		{54701616-0C71-4BB2-B1D1-70A8DB89EB75}.Debug|ARM.ActiveCfg = Debug|x64
		{54701616-0C71-4BB2-B1D1-70A8DB89EB75}.Debug|ARM.Build.0 = Debug|x64
		{54701616-0C71-4BB2-B1D1-70A8DB89EB75}.Debug|ARM64.ActiveCfg = Debug|x64
		{54701616-0C71-4BB2-B1D1-70A8DB89EB75}.Debug|ARM64.Build.0 = Debug|x64
		{54701616-0C71-4BB2-B1D1-70A8DB89EB75}.Debug|x64.ActiveCfg = Debug|x64
		{54701616-0C71-4BB2-B1D1-70A8DB89EB75}.Debug|x64.Build.0 = Debug|x64
		{54701616-0C71-4BB2-B1D1-70A8DB89EB75}.Debug|x86.ActiveCfg = Debug|x64
		{54701616-0C71-4BB2-B1D1-70A8DB89EB75}.Debug|x86.Build.0 = Debug|x64
		{54701616-0C71-4BB2-B1D1-70A8DB89EB75}.Release|Any CPU.ActiveCfg = Release|x64
		{54701616-0C71-4BB2-B1D1-70A8DB89EB75}.Release|Any CPU.Build.0 = Release|x64
		{54701616-0C71-4BB2-B1D1-70A8DB89EB75}.Release|ARM.ActiveCfg = Release|x64
		{54701616-0C71-4BB2-B1D1-70A8DB89EB75}.Release|ARM.Build.0 = Release|x64
		{54701616-0C71-4BB2-B1D1-70A8DB89EB75}.Release|ARM64.ActiveCfg = Release|x64
		{54701616-0C71-4BB2-B1D1-70A8DB89EB75}.Release|ARM64.Build.0 = Release|x64
		{54701616-0C71-4BB2-B1D1-70A8DB89EB75}.Release|x64.ActiveCfg = Release|x64
		{54701616-0C71-4BB2-B1D1-70A8DB89EB75}.Release|x64.Build.0 = Release|x64
		{54701616-0C71-4BB2-B1D1-70A8DB89EB75}.Release|x86.ActiveCfg = Release|x64
		{54701616-0C71-4BB2-B1D1-70A8DB89EB75}.Release|x86.Build.0 = Release|x64
		{7C90830E-F6F8-4DF7-8CEA-48D21D81564B}.Debug|Any CPU.ActiveCfg = Debug|x64
		{7C90830E-F6F8-4DF7-8CEA-48D21D81564B}.Debug|Any CPU.Build.0 = Debug|x64
		{7C90830E-F6F8-4DF7-8CEA-48D21D81564B}.Debug|ARM.ActiveCfg = Debug|x64
		{7C90830E-F6F8-4DF7-8CEA-48D21D81564B}.Debug|ARM.Build.0 = Debug|x64
		{7C90830E-F6F8-4DF7-8CEA-48D21D81564B}.Debug|ARM64.ActiveCfg = Debug|x64
		{7C90830E-F6F8-4DF7-8CEA-48D21D81564B}.Debug|ARM64.Build.0 = Debug|x64
		{7C90830E-F6F8-4DF7-8CEA-48D21D81564B}.Debug|x64.ActiveCfg = Debug|x64
		{7C90830E-F6F8-4DF7-8CEA-48D21D81564B}.Debug|x64.Build.0 = Debug|x64
		{7C90830E-F6F8-4DF7-8CEA-48D21D81564B}.Debug|x86.ActiveCfg = Debug|x64
		{7C90830E-F6F8-4DF7-8CEA-48D21D81564B}.Debug|x86.Build.0 = Debug|x64
		{7C90830E-F6F8-4DF7-8CEA-48D21D81564B}.Release|Any CPU.ActiveCfg = Release|x64
		{7C90830E-F6F8-4DF7-8CEA-48D21D81564B}.Release|Any CPU.Build.0 = Release|x64
		{7C90830E-F6F8-4DF7-8CEA-48D21D81564B}.Release|ARM.ActiveCfg = Release|x64
		{7C90830E-F6F8-4DF7-8CEA-48D21D81564B}.Release|ARM.Build.0 = Release|x64
		{7C90830E-F6F8-4DF7-8CEA-48D21D81564B}.Release|ARM64.ActiveCfg = Release|x64
		{7C90830E-F6F8-4DF7-8CEA-48D21D81564B}.Release|ARM64.Build.0 = Release|x64
		{7C90830E-F6F8-4DF7-8CEA-48D21D81564B}.Release|x64.ActiveCfg = Release|x64
		{7C90830E-F6F8-4DF7-8CEA-48D21D81564B}.Release|x64.Build.0 = Release|x64
		{7C90830E-F6F8-4DF7-8CEA-48D21D81564B}.Release|x86.ActiveCfg = Release|x64
		{7C90830E-F6F8-4DF7-8CEA-48D21D81564B}.Release|x86.Build.0 = Release|x64
		{813016A9-7B8A-4569-9275-5FD8C64587D6}.Debug|Any CPU.ActiveCfg = Debug|x64
		{813016A9-7B8A-4569-9275-5FD8C64587D6}.Debug|Any CPU.Build.0 = Debug|x64
		{813016A9-7B8A-4569-9275-5FD8C64587D6}.Debug|ARM.ActiveCfg = Debug|x64
		{813016A9-7B8A-4569-9275-5FD8C64587D6}.Debug|ARM.Build.0 = Debug|x64
		{813016A9-7B8A-4569-9275-5FD8C64587D6}.Debug|ARM64.ActiveCfg = Debug|x64
		{813016A9-7B8A-4569-9275-5FD8C64587D6}.Debug|ARM64.Build.0 = Debug|x64
		{813016A9-7B8A-4569-9275-5FD8C64587D6}.Debug|x64.ActiveCfg = Debug|x64
		{813016A9-7B8A-4569-9275-5FD8C64587D6}.Debug|x64.Build.0 = Debug|x64
		{813016A9-7B8A-4569-9275-5FD8C64587D6}.Debug|x86.ActiveCfg = Debug|x64
		{813016A9-7B8A-4569-9275-5FD8C64587D6}.Debug|x86.Build.0 = Debug|x64
		{813016A9-7B8A-4569-9275-5FD8C64587D6}.Release|Any CPU.ActiveCfg = Release|x64
		{813016A9-7B8A-4569-9275-5FD8C64587D6}.Release|Any CPU.Build.0 = Release|x64
		{813016A9-7B8A-4569-9275-5FD8C64587D6}.Release|ARM.ActiveCfg = Release|x64
		{813016A9-7B8A-4569-9275-5FD8C64587D6}.Release|ARM.Build.0 = Release|x64
		{813016A9-7B8A-4569-9275-5FD8C64587D6}.Release|ARM64.ActiveCfg = Release|x64
		{813016A9-7B8A-4569-9275-5FD8C64587D6}.Release|ARM64.Build.0 = Release|x64
		{813016A9-7B8A-4569-9275-5FD8C64587D6}.Release|x64.ActiveCfg = Release|x64
		{813016A9-7B8A-4569-9275-5FD8C64587D6}.Release|x64.Build.0 = Release|x64
		{813016A9-7B8A-4569-9275-5FD8C64587D6}.Release|x86.ActiveCfg = Release|x64
		{813016A9-7B8A-4569-9275-5FD8C64587D6}.Release|x86.Build.0 = Release|x64
		{3157E73E-2AAF-4ED3-89F0-17CB7BF613A4}.Debug|Any CPU.ActiveCfg = Debug|x64
		{3157E73E-2AAF-4ED3-89F0-17CB7BF613A4}.Debug|Any CPU.Build.0 = Debug|x64
		{3157E73E-2AAF-4ED3-89F0-17CB7BF613A4}.Debug|ARM.ActiveCfg = Debug|x64
		{3157E73E-2AAF-4ED3-89F0-17CB7BF613A4}.Debug|ARM.Build.0 = Debug|x64
		{3157E73E-2AAF-4ED3-89F0-17CB7BF613A4}.Debug|ARM64.ActiveCfg = Debug|x64
		{3157E73E-2AAF-4ED3-89F0-17CB7BF613A4}.Debug|ARM64.Build.0 = Debug|x64
		{3157E73E-2AAF-4ED3-89F0-17CB7BF613A4}.Debug|x64.ActiveCfg = Debug|x64
		{3157E73E-2AAF-4ED3-89F0-17CB7BF613A4}.Debug|x64.Build.0 = Debug|x64
		{3157E73E-2AAF-4ED3-89F0-17CB7BF613A4}.Debug|x86.ActiveCfg = Debug|x64
		{3157E73E-2AAF-4ED3-89F0-17CB7BF613A4}.Debug|x86.Build.0 = Debug|x64
		{3157E73E-2AAF-4ED3-89F0-17CB7BF613A4}.Release|Any CPU.ActiveCfg = Release|x64
		{3157E73E-2AAF-4ED3-89F0-17CB7BF613A4}.Release|Any CPU.Build.0 = Release|x64
		{3157E73E-2AAF-4ED3-89F0-17CB7BF613A4}.Release|ARM.ActiveCfg = Release|x64
		{3157E73E-2AAF-4ED3-89F0-17CB7BF613A4}.Release|ARM.Build.0 = Release|x64
		{3157E73E-2AAF-4ED3-89F0-17CB7BF613A4}.Release|ARM64.ActiveCfg = Release|x64
		{3157E73E-2AAF-4ED3-89F0-17CB7BF613A4}.Release|ARM64.Build.0 = Release|x64
		{3157E73E-2AAF-4ED3-89F0-17CB7BF613A4}.Release|x64.ActiveCfg = Release|x64
		{3157E73E-2AAF-4ED3-89F0-17CB7BF613A4}.Release|x64.Build.0 = Release|x64
		{3157E73E-2AAF-4ED3-89F0-17CB7BF613A4}.Release|x86.ActiveCfg = Release|x64
		{3157E73E-2AAF-4ED3-89F0-17CB7BF613A4}.Release|x86.Build.0 = Release|x64
		{A57344E0-A569-4410-8D9F-D51B7EA92C8B}.Debug|Any CPU.ActiveCfg = Debug|x64
		{A57344E0-A569-4410-8D9F-D51B7EA92C8B}.Debug|Any CPU.Build.0 = Debug|x64
		{A57344E0-A569-4410-8D9F-D51B7EA92C8B}.Debug|ARM.ActiveCfg = Debug|x64
		{A57344E0-A569-4410-8D9F-D51B7EA92C8B}.Debug|ARM.Build.0 = Debug|x64
		{A57344E0-A569-4410-8D9F-D51B7EA92C8B}.Debug|ARM64.ActiveCfg = Debug|x64
		{A57344E0-A569-4410-8D9F-D51B7EA92C8B}.Debug|ARM64.Build.0 = Debug|x64
		{A57344E0-A569-4410-8D9F-D51B7EA92C8B}.Debug|x64.ActiveCfg = Debug|x64
		{A57344E0-A569-4410-8D9F-D51B7EA92C8B}.Debug|x64.Build.0 = Debug|x64
		{A57344E0-A569-4410-8D9F-D51B7EA92C8B}.Debug|x86.ActiveCfg = Debug|x64
		{A57344E0-A569-4410-8D9F-D51B7EA92C8B}.Debug|x86.Build.0 = Debug|x64
		{A57344E0-A569-4410-8D9F-D51B7EA92C8B}.Release|Any CPU.ActiveCfg = Release|x64
		{A57344E0-A569-4410-8D9F-D51B7EA92C8B}.Release|Any CPU.Build.0 = Release|x64
		{A57344E0-A569-4410-8D9F-D51B7EA92C8B}.Release|ARM.ActiveCfg = Release|x64
		{A57344E0-A569-4410-8D9F-D51B7EA92C8B}.Release|ARM.Build.0 = Release|x64
		{A57344E0-A569-4410-8D9F-D51B7EA92C8B}.Release|ARM64.ActiveCfg = Release|x64
		{A57344E0-A569-4410-8D9F-D51B7EA92C8B}.Release|ARM64.Build.0 = Release|x64
		{A57344E0-A569-4410-8D9F-D51B7EA92C8B}.Release|x64.ActiveCfg = Release|x64
		{A57344E0-A569-4410-8D9F-D51B7EA92C8B}.Release|x64.Build.0 = Release|x64
		{A57344E0-A569-4410-8D9F-D51B7EA92C8B}.Release|x86.ActiveCfg = Release|x64
		{A57344E0-A569-4410-8D9F-D51B7EA92C8B}.Release|x86.Build.0 = Release|x64
		{06B7F006-264F-48CF-99B7-AE715B6259CE}.Debug|Any CPU.ActiveCfg = Debug|x64
		{06B7F006-264F-48CF-99B7-AE715B6259CE}.Debug|Any CPU.Build.0 = Debug|x64
		{06B7F006-264F-48CF-99B7-AE715B6259CE}.Debug|ARM.ActiveCfg = Debug|x64
		{06B7F006-264F-48CF-99B7-AE715B6259CE}.Debug|ARM.Build.0 = Debug|x64
		{06B7F006-264F-48CF-99B7-AE715B6259CE}.Debug|ARM64.ActiveCfg = Debug|x64
		{06B7F006-264F-48CF-99B7-AE715B6259CE}.Debug|ARM64.Build.0 = Debug|x64
		{06B7F006-264F-48CF-99B7-AE715B6259CE}.Debug|x64.ActiveCfg = Debug|x64
		{06B7F006-264F-48CF-99B7-AE715B6259CE}.Debug|x64.Build.0 = Debug|x64
		{06B7F006-264F-48CF-99B7-AE715B6259CE}.Debug|x86.ActiveCfg = Debug|x64
		{06B7F006-264F-48CF-99B7-AE715B6259CE}.Debug|x86.Build.0 = Debug|x64
		{06B7F006-264F-48CF-99B7-AE715B6259CE}.Release|Any CPU.ActiveCfg = Release|x64
		{06B7F006-264F-48CF-99B7-AE715B6259CE}.Release|Any CPU.Build.0 = Release|x64
		{06B7F006-264F-48CF-99B7-AE715B6259CE}.Release|ARM.ActiveCfg = Release|x64
		{06B7F006-264F-48CF-99B7-AE715B6259CE}.Release|ARM.Build.0 = Release|x64
		{06B7F006-264F-48CF-99B7-AE715B6259CE}.Release|ARM64.ActiveCfg = Release|x64
		{06B7F006-264F-48CF-99B7-AE715B6259CE}.Release|ARM64.Build.0 = Release|x64
		{06B7F006-264F-48CF-99B7-AE715B6259CE}.Release|x64.ActiveCfg = Release|x64
		{06B7F006-264F-48CF-99B7-AE715B6259CE}.Release|x64.Build.0 = Release|x64
		{06B7F006-264F-48CF-99B7-AE715B6259CE}.Release|x86.ActiveCfg = Release|x64
		{06B7F006-264F-48CF-99B7-AE715B6259CE}.Release|x86.Build.0 = Release|x64
		{05C8AA6A-95DD-4E3D-AFD4-4D828CC98124}.Debug|Any CPU.ActiveCfg = Debug|x64
		{05C8AA6A-95DD-4E3D-AFD4-4D828CC98124}.Debug|Any CPU.Build.0 = Debug|x64
		{05C8AA6A-95DD-4E3D-AFD4-4D828CC98124}.Debug|ARM.ActiveCfg = Debug|x64
		{05C8AA6A-95DD-4E3D-AFD4-4D828CC98124}.Debug|ARM.Build.0 = Debug|x64
		{05C8AA6A-95DD-4E3D-AFD4-4D828CC98124}.Debug|ARM64.ActiveCfg = Debug|x64
		{05C8AA6A-95DD-4E3D-AFD4-4D828CC98124}.Debug|ARM64.Build.0 = Debug|x64
		{05C8AA6A-95DD-4E3D-AFD4-4D828CC98124}.Debug|x64.ActiveCfg = Debug|x64
		{05C8AA6A-95DD-4E3D-AFD4-4D828CC98124}.Debug|x64.Build.0 = Debug|x64
		{05C8AA6A-95DD-4E3D-AFD4-4D828CC98124}.Debug|x86.ActiveCfg = Debug|x64
		{05C8AA6A-95DD-4E3D-AFD4-4D828CC98124}.Debug|x86.Build.0 = Debug|x64
		{05C8AA6A-95DD-4E3D-AFD4-4D828CC98124}.Release|Any CPU.ActiveCfg = Release|x64
		{05C8AA6A-95DD-4E3D-AFD4-4D828CC98124}.Release|Any CPU.Build.0 = Release|x64
		{05C8AA6A-95DD-4E3D-AFD4-4D828CC98124}.Release|ARM.ActiveCfg = Release|x64
		{05C8AA6A-95DD-4E3D-AFD4-4D828CC98124}.Release|ARM.Build.0 = Release|x64
		{05C8AA6A-95DD-4E3D-AFD4-4D828CC98124}.Release|ARM64.ActiveCfg = Release|x64
		{05C8AA6A-95DD-4E3D-AFD4-4D828CC98124}.Release|ARM64.Build.0 = Release|x64
		{05C8AA6A-95DD-4E3D-AFD4-4D828CC98124}.Release|x64.ActiveCfg = Release|x64
		{05C8AA6A-95DD-4E3D-AFD4-4D828CC98124}.Release|x64.Build.0 = Release|x64
		{05C8AA6A-95DD-4E3D-AFD4-4D828CC98124}.Release|x86.ActiveCfg = Release|x64
		{05C8AA6A-95DD-4E3D-AFD4-4D828CC98124}.Release|x86.Build.0 = Release|x64
		{1E5C6683-46CA-4690-A169-EB4F50B6871B}.Debug|Any CPU.ActiveCfg = Debug|x64
		{1E5C6683-46CA-4690-A169-EB4F50B6871B}.Debug|Any CPU.Build.0 = Debug|x64
		{1E5C6683-46CA-4690-A169-EB4F50B6871B}.Debug|ARM.ActiveCfg = Debug|x64
		{1E5C6683-46CA-4690-A169-EB4F50B6871B}.Debug|ARM.Build.0 = Debug|x64
		{1E5C6683-46CA-4690-A169-EB4F50B6871B}.Debug|ARM64.ActiveCfg = Debug|x64
		{1E5C6683-46CA-4690-A169-EB4F50B6871B}.Debug|ARM64.Build.0 = Debug|x64
		{1E5C6683-46CA-4690-A169-EB4F50B6871B}.Debug|x64.ActiveCfg = Debug|x64
		{1E5C6683-46CA-4690-A169-EB4F50B6871B}.Debug|x64.Build.0 = Debug|x64
		{1E5C6683-46CA-4690-A169-EB4F50B6871B}.Debug|x86.ActiveCfg = Debug|x64
		{1E5C6683-46CA-4690-A169-EB4F50B6871B}.Debug|x86.Build.0 = Debug|x64
		{1E5C6683-46CA-4690-A169-EB4F50B6871B}.Release|Any CPU.ActiveCfg = Release|x64
		{1E5C6683-46CA-4690-A169-EB4F50B6871B}.Release|Any CPU.Build.0 = Release|x64
		{1E5C6683-46CA-4690-A169-EB4F50B6871B}.Release|ARM.ActiveCfg = Release|x64
		{1E5C6683-46CA-4690-A169-EB4F50B6871B}.Release|ARM.Build.0 = Release|x64
		{1E5C6683-46CA-4690-A169-EB4F50B6871B}.Release|ARM64.ActiveCfg = Release|x64
		{1E5C6683-46CA-4690-A169-EB4F50B6871B}.Release|ARM64.Build.0 = Release|x64
		{1E5C6683-46CA-4690-A169-EB4F50B6871B}.Release|x64.ActiveCfg = Release|x64
		{1E5C6683-46CA-4690-A169-EB4F50B6871B}.Release|x64.Build.0 = Release|x64
		{1E5C6683-46CA-4690-A169-EB4F50B6871B}.Release|x86.ActiveCfg = Release|x64
		{1E5C6683-46CA-4690-A169-EB4F50B6871B}.Release|x86.Build.0 = Release|x64
		{3402C25D-6244-46B1-8959-CB5B1B53A53C}.Debug|Any CPU.ActiveCfg = Debug|x64
		{3402C25D-6244-46B1-8959-CB5B1B53A53C}.Debug|Any CPU.Build.0 = Debug|x64
		{3402C25D-6244-46B1-8959-CB5B1B53A53C}.Debug|ARM.ActiveCfg = Debug|x64
		{3402C25D-6244-46B1-8959-CB5B1B53A53C}.Debug|ARM.Build.0 = Debug|x64
		{3402C25D-6244-46B1-8959-CB5B1B53A53C}.Debug|ARM64.ActiveCfg = Debug|x64
		{3402C25D-6244-46B1-8959-CB5B1B53A53C}.Debug|ARM64.Build.0 = Debug|x64
		{3402C25D-6244-46B1-8959-CB5B1B53A53C}.Debug|x64.ActiveCfg = Debug|x64
		{3402C25D-6244-46B1-8959-CB5B1B53A53C}.Debug|x64.Build.0 = Debug|x64
		{3402C25D-6244-46B1-8959-CB5B1B53A53C}.Debug|x86.ActiveCfg = Debug|x64
		{3402C25D-6244-46B1-8959-CB5B1B53A53C}.Debug|x86.Build.0 = Debug|x64
		{3402C25D-6244-46B1-8959-CB5B1B53A53C}.Release|Any CPU.ActiveCfg = Release|x64
		{3402C25D-6244-46B1-8959-CB5B1B53A53C}.Release|Any CPU.Build.0 = Release|x64
		{3402C25D-6244-46B1-8959-CB5B1B53A53C}.Release|ARM.ActiveCfg = Release|x64
		{3402C25D-6244-46B1-8959-CB5B1B53A53C}.Release|ARM.Build.0 = Release|x64
		{3402C25D-6244-46B1-8959-CB5B1B53A53C}.Release|ARM64.ActiveCfg = Release|x64
		{3402C25D-6244-46B1-8959-CB5B1B53A53C}.Release|ARM64.Build.0 = Release|x64
		{3402C25D-6244-46B1-8959-CB5B1B53A53C}.Release|x64.ActiveCfg = Release|x64
		{3402C25D-6244-46B1-8959-CB5B1B53A53C}.Release|x64.Build.0 = Release|x64
		{3402C25D-6244-46B1-8959-CB5B1B53A53C}.Release|x86.ActiveCfg = Release|x64
		{3402C25D-6244-46B1-8959-CB5B1B53A53C}.Release|x86.Build.0 = Release|x64
		{4EA87032-9311-46D5-83BE-3BD495071656}.Debug|Any CPU.ActiveCfg = Debug|x64
		{4EA87032-9311-46D5-83BE-3BD495071656}.Debug|Any CPU.Build.0 = Debug|x64
		{4EA87032-9311-46D5-83BE-3BD495071656}.Debug|ARM.ActiveCfg = Debug|x64
		{4EA87032-9311-46D5-83BE-3BD495071656}.Debug|ARM.Build.0 = Debug|x64
		{4EA87032-9311-46D5-83BE-3BD495071656}.Debug|ARM64.ActiveCfg = Debug|x64
		{4EA87032-9311-46D5-83BE-3BD495071656}.Debug|ARM64.Build.0 = Debug|x64
		{4EA87032-9311-46D5-83BE-3BD495071656}.Debug|x64.ActiveCfg = Debug|x64
		{4EA87032-9311-46D5-83BE-3BD495071656}.Debug|x64.Build.0 = Debug|x64
		{4EA87032-9311-46D5-83BE-3BD495071656}.Debug|x86.ActiveCfg = Debug|x64
		{4EA87032-9311-46D5-83BE-3BD495071656}.Debug|x86.Build.0 = Debug|x64
		{4EA87032-9311-46D5-83BE-3BD495071656}.Release|Any CPU.ActiveCfg = Release|x64
		{4EA87032-9311-46D5-83BE-3BD495071656}.Release|Any CPU.Build.0 = Release|x64
		{4EA87032-9311-46D5-83BE-3BD495071656}.Release|ARM.ActiveCfg = Release|x64
		{4EA87032-9311-46D5-83BE-3BD495071656}.Release|ARM.Build.0 = Release|x64
		{4EA87032-9311-46D5-83BE-3BD495071656}.Release|ARM64.ActiveCfg = Release|x64
		{4EA87032-9311-46D5-83BE-3BD495071656}.Release|ARM64.Build.0 = Release|x64
		{4EA87032-9311-46D5-83BE-3BD495071656}.Release|x64.ActiveCfg = Release|x64
		{4EA87032-9311-46D5-83BE-3BD495071656}.Release|x64.Build.0 = Release|x64
		{4EA87032-9311-46D5-83BE-3BD495071656}.Release|x86.ActiveCfg = Release|x64
		{4EA87032-9311-46D5-83BE-3BD495071656}.Release|x86.Build.0 = Release|x64
		{92818029-50EA-42E2-A415-133DBBD364D1}.Debug|Any CPU.ActiveCfg = Debug|x64
		{92818029-50EA-42E2-A415-133DBBD364D1}.Debug|Any CPU.Build.0 = Debug|x64
		{92818029-50EA-42E2-A415-133DBBD364D1}.Debug|ARM.ActiveCfg = Debug|x64
		{92818029-50EA-42E2-A415-133DBBD364D1}.Debug|ARM.Build.0 = Debug|x64
		{92818029-50EA-42E2-A415-133DBBD364D1}.Debug|ARM64.ActiveCfg = Debug|x64
		{92818029-50EA-42E2-A415-133DBBD364D1}.Debug|ARM64.Build.0 = Debug|x64
		{92818029-50EA-42E2-A415-133DBBD364D1}.Debug|x64.ActiveCfg = Debug|x64
		{92818029-50EA-42E2-A415-133DBBD364D1}.Debug|x64.Build.0 = Debug|x64
		{92818029-50EA-42E2-A415-133DBBD364D1}.Debug|x86.ActiveCfg = Debug|x64
		{92818029-50EA-42E2-A415-133DBBD364D1}.Debug|x86.Build.0 = Debug|x64
		{92818029-50EA-42E2-A415-133DBBD364D1}.Release|Any CPU.ActiveCfg = Release|x64
		{92818029-50EA-42E2-A415-133DBBD364D1}.Release|Any CPU.Build.0 = Release|x64
		{92818029-50EA-42E2-A415-133DBBD364D1}.Release|ARM.ActiveCfg = Release|x64
		{92818029-50EA-42E2-A415-133DBBD364D1}.Release|ARM.Build.0 = Release|x64
		{92818029-50EA-42E2-A415-133DBBD364D1}.Release|ARM64.ActiveCfg = Release|x64
		{92818029-50EA-42E2-A415-133DBBD364D1}.Release|ARM64.Build.0 = Release|x64
		{92818029-50EA-42E2-A415-133DBBD364D1}.Release|x64.ActiveCfg = Release|x64
		{92818029-50EA-42E2-A415-133DBBD364D1}.Release|x64.Build.0 = Release|x64
		{92818029-50EA-42E2-A415-133DBBD364D1}.Release|x86.ActiveCfg = Release|x64
		{92818029-50EA-42E2-A415-133DBBD364D1}.Release|x86.Build.0 = Release|x64
		{EFEFEA56-3288-4B73-B5F1-BECAD3A457B1}.Debug|Any CPU.ActiveCfg = Debug|x64
		{EFEFEA56-3288-4B73-B5F1-BECAD3A457B1}.Debug|Any CPU.Build.0 = Debug|x64
		{EFEFEA56-3288-4B73-B5F1-BECAD3A457B1}.Debug|ARM.ActiveCfg = Debug|x64
		{EFEFEA56-3288-4B73-B5F1-BECAD3A457B1}.Debug|ARM.Build.0 = Debug|x64
		{EFEFEA56-3288-4B73-B5F1-BECAD3A457B1}.Debug|ARM64.ActiveCfg = Debug|x64
		{EFEFEA56-3288-4B73-B5F1-BECAD3A457B1}.Debug|ARM64.Build.0 = Debug|x64
		{EFEFEA56-3288-4B73-B5F1-BECAD3A457B1}.Debug|x64.ActiveCfg = Debug|x64
		{EFEFEA56-3288-4B73-B5F1-BECAD3A457B1}.Debug|x64.Build.0 = Debug|x64
		{EFEFEA56-3288-4B73-B5F1-BECAD3A457B1}.Debug|x86.ActiveCfg = Debug|x64
		{EFEFEA56-3288-4B73-B5F1-BECAD3A457B1}.Debug|x86.Build.0 = Debug|x64
		{EFEFEA56-3288-4B73-B5F1-BECAD3A457B1}.Release|Any CPU.ActiveCfg = Release|x64
		{EFEFEA56-3288-4B73-B5F1-BECAD3A457B1}.Release|Any CPU.Build.0 = Release|x64
		{EFEFEA56-3288-4B73-B5F1-BECAD3A457B1}.Release|ARM.ActiveCfg = Release|x64
		{EFEFEA56-3288-4B73-B5F1-BECAD3A457B1}.Release|ARM.Build.0 = Release|x64
		{EFEFEA56-3288-4B73-B5F1-BECAD3A457B1}.Release|ARM64.ActiveCfg = Release|x64
		{EFEFEA56-3288-4B73-B5F1-BECAD3A457B1}.Release|ARM64.Build.0 = Release|x64
		{EFEFEA56-3288-4B73-B5F1-BECAD3A457B1}.Release|x64.ActiveCfg = Release|x64
		{EFEFEA56-3288-4B73-B5F1-BECAD3A457B1}.Release|x64.Build.0 = Release|x64
		{EFEFEA56-3288-4B73-B5F1-BECAD3A457B1}.Release|x86.ActiveCfg = Release|x64
		{EFEFEA56-3288-4B73-B5F1-BECAD3A457B1}.Release|x86.Build.0 = Release|x64
		{326EE8A7-FCED-442C-BBAD-7C3040C16374}.Debug|Any CPU.ActiveCfg = Debug|x64
		{326EE8A7-FCED-442C-BBAD-7C3040C16374}.Debug|Any CPU.Build.0 = Debug|x64
		{326EE8A7-FCED-442C-BBAD-7C3040C16374}.Debug|ARM.ActiveCfg = Debug|x64
		{326EE8A7-FCED-442C-BBAD-7C3040C16374}.Debug|ARM.Build.0 = Debug|x64
		{326EE8A7-FCED-442C-BBAD-7C3040C16374}.Debug|ARM64.ActiveCfg = Debug|x64
		{326EE8A7-FCED-442C-BBAD-7C3040C16374}.Debug|ARM64.Build.0 = Debug|x64
		{326EE8A7-FCED-442C-BBAD-7C3040C16374}.Debug|x64.ActiveCfg = Debug|x64
		{326EE8A7-FCED-442C-BBAD-7C3040C16374}.Debug|x64.Build.0 = Debug|x64
		{326EE8A7-FCED-442C-BBAD-7C3040C16374}.Debug|x86.ActiveCfg = Debug|x64
		{326EE8A7-FCED-442C-BBAD-7C3040C16374}.Debug|x86.Build.0 = Debug|x64
		{326EE8A7-FCED-442C-BBAD-7C3040C16374}.Release|Any CPU.ActiveCfg = Release|x64
		{326EE8A7-FCED-442C-BBAD-7C3040C16374}.Release|Any CPU.Build.0 = Release|x64
		{326EE8A7-FCED-442C-BBAD-7C3040C16374}.Release|ARM.ActiveCfg = Release|x64
		{326EE8A7-FCED-442C-BBAD-7C3040C16374}.Release|ARM.Build.0 = Release|x64
		{326EE8A7-FCED-442C-BBAD-7C3040C16374}.Release|ARM64.ActiveCfg = Release|x64
		{326EE8A7-FCED-442C-BBAD-7C3040C16374}.Release|ARM64.Build.0 = Release|x64
		{326EE8A7-FCED-442C-BBAD-7C3040C16374}.Release|x64.ActiveCfg = Release|x64
		{326EE8A7-FCED-442C-BBAD-7C3040C16374}.Release|x64.Build.0 = Release|x64
		{326EE8A7-FCED-442C-BBAD-7C3040C16374}.Release|x86.ActiveCfg = Release|x64
		{326EE8A7-FCED-442C-BBAD-7C3040C16374}.Release|x86.Build.0 = Release|x64
		{0291A00E-ABEF-41B2-BC7F-AE3882E057A0}.Debug|Any CPU.ActiveCfg = Debug|x64
		{0291A00E-ABEF-41B2-BC7F-AE3882E057A0}.Debug|Any CPU.Build.0 = Debug|x64
		{0291A00E-ABEF-41B2-BC7F-AE3882E057A0}.Debug|ARM.ActiveCfg = Debug|x64
		{0291A00E-ABEF-41B2-BC7F-AE3882E057A0}.Debug|ARM.Build.0 = Debug|x64
		{0291A00E-ABEF-41B2-BC7F-AE3882E057A0}.Debug|ARM64.ActiveCfg = Debug|x64
		{0291A00E-ABEF-41B2-BC7F-AE3882E057A0}.Debug|ARM64.Build.0 = Debug|x64
		{0291A00E-ABEF-41B2-BC7F-AE3882E057A0}.Debug|x64.ActiveCfg = Debug|x64
		{0291A00E-ABEF-41B2-BC7F-AE3882E057A0}.Debug|x64.Build.0 = Debug|x64
		{0291A00E-ABEF-41B2-BC7F-AE3882E057A0}.Debug|x86.ActiveCfg = Debug|x64
		{0291A00E-ABEF-41B2-BC7F-AE3882E057A0}.Debug|x86.Build.0 = Debug|x64
		{0291A00E-ABEF-41B2-BC7F-AE3882E057A0}.Release|Any CPU.ActiveCfg = Release|x64
		{0291A00E-ABEF-41B2-BC7F-AE3882E057A0}.Release|Any CPU.Build.0 = Release|x64
		{0291A00E-ABEF-41B2-BC7F-AE3882E057A0}.Release|ARM.ActiveCfg = Release|x64
		{0291A00E-ABEF-41B2-BC7F-AE3882E057A0}.Release|ARM.Build.0 = Release|x64
		{0291A00E-ABEF-41B2-BC7F-AE3882E057A0}.Release|ARM64.ActiveCfg = Release|x64
		{0291A00E-ABEF-41B2-BC7F-AE3882E057A0}.Release|ARM64.Build.0 = Release|x64
		{0291A00E-ABEF-41B2-BC7F-AE3882E057A0}.Release|x64.ActiveCfg = Release|x64
		{0291A00E-ABEF-41B2-BC7F-AE3882E057A0}.Release|x64.Build.0 = Release|x64
		{0291A00E-ABEF-41B2-BC7F-AE3882E057A0}.Release|x86.ActiveCfg = Release|x64
		{0291A00E-ABEF-41B2-BC7F-AE3882E057A0}.Release|x86.Build.0 = Release|x64
		{1E6C7E61-2ADE-4B19-8B86-AE7186757361}.Debug|Any CPU.ActiveCfg = Debug|x64
		{1E6C7E61-2ADE-4B19-8B86-AE7186757361}.Debug|Any CPU.Build.0 = Debug|x64
		{1E6C7E61-2ADE-4B19-8B86-AE7186757361}.Debug|ARM.ActiveCfg = Debug|x64
		{1E6C7E61-2ADE-4B19-8B86-AE7186757361}.Debug|ARM.Build.0 = Debug|x64
		{1E6C7E61-2ADE-4B19-8B86-AE7186757361}.Debug|ARM64.ActiveCfg = Debug|x64
		{1E6C7E61-2ADE-4B19-8B86-AE7186757361}.Debug|ARM64.Build.0 = Debug|x64
		{1E6C7E61-2ADE-4B19-8B86-AE7186757361}.Debug|x64.ActiveCfg = Debug|x64
		{1E6C7E61-2ADE-4B19-8B86-AE7186757361}.Debug|x64.Build.0 = Debug|x64
		{1E6C7E61-2ADE-4B19-8B86-AE7186757361}.Debug|x86.ActiveCfg = Debug|x64
		{1E6C7E61-2ADE-4B19-8B86-AE7186757361}.Debug|x86.Build.0 = Debug|x64
		{1E6C7E61-2ADE-4B19-8B86-AE7186757361}.Release|Any CPU.ActiveCfg = Release|x64
		{1E6C7E61-2ADE-4B19-8B86-AE7186757361}.Release|Any CPU.Build.0 = Release|x64
		{1E6C7E61-2ADE-4B19-8B86-AE7186757361}.Release|ARM.ActiveCfg = Release|x64
		{1E6C7E61-2ADE-4B19-8B86-AE7186757361}.Release|ARM.Build.0 = Release|x64
		{1E6C7E61-2ADE-4B19-8B86-AE7186757361}.Release|ARM64.ActiveCfg = Release|x64
		{1E6C7E61-2ADE-4B19-8B86-AE7186757361}.Release|ARM64.Build.0 = Release|x64
		{1E6C7E61-2ADE-4B19-8B86-AE7186757361}.Release|x64.ActiveCfg = Release|x64
		{1E6C7E61-2ADE-4B19-8B86-AE7186757361}.Release|x64.Build.0 = Release|x64
		{1E6C7E61-2ADE-4B19-8B86-AE7186757361}.Release|x86.ActiveCfg = Release|x64
		{1E6C7E61-2ADE-4B19-8B86-AE7186757361}.Release|x86.Build.0 = Release|x64
		{F15A305C-61D8-4908-AE73-B234AF85D341}.Debug|Any CPU.ActiveCfg = Debug|x64
		{F15A305C-61D8-4908-AE73-B234AF85D341}.Debug|Any CPU.Build.0 = Debug|x64
		{F15A305C-61D8-4908-AE73-B234AF85D341}.Debug|ARM.ActiveCfg = Debug|x64
		{F15A305C-61D8-4908-AE73-B234AF85D341}.Debug|ARM.Build.0 = Debug|x64
		{F15A305C-61D8-4908-AE73-B234AF85D341}.Debug|ARM64.ActiveCfg = Debug|x64
		{F15A305C-61D8-4908-AE73-B234AF85D341}.Debug|ARM64.Build.0 = Debug|x64
		{F15A305C-61D8-4908-AE73-B234AF85D341}.Debug|x64.ActiveCfg = Debug|x64
		{F15A305C-61D8-4908-AE73-B234AF85D341}.Debug|x64.Build.0 = Debug|x64
		{F15A305C-61D8-4908-AE73-B234AF85D341}.Debug|x86.ActiveCfg = Debug|x64
		{F15A305C-61D8-4908-AE73-B234AF85D341}.Debug|x86.Build.0 = Debug|x64
		{F15A305C-61D8-4908-AE73-B234AF85D341}.Release|Any CPU.ActiveCfg = Release|x64
		{F15A305C-61D8-4908-AE73-B234AF85D341}.Release|Any CPU.Build.0 = Release|x64
		{F15A305C-61D8-4908-AE73-B234AF85D341}.Release|ARM.ActiveCfg = Release|x64
		{F15A305C-61D8-4908-AE73-B234AF85D341}.Release|ARM.Build.0 = Release|x64
		{F15A305C-61D8-4908-AE73-B234AF85D341}.Release|ARM64.ActiveCfg = Release|x64
		{F15A305C-61D8-4908-AE73-B234AF85D341}.Release|ARM64.Build.0 = Release|x64
		{F15A305C-61D8-4908-AE73-B234AF85D341}.Release|x64.ActiveCfg = Release|x64
		{F15A305C-61D8-4908-AE73-B234AF85D341}.Release|x64.Build.0 = Release|x64
		{F15A305C-61D8-4908-AE73-B234AF85D341}.Release|x86.ActiveCfg = Release|x64
		{F15A305C-61D8-4908-AE73-B234AF85D341}.Release|x86.Build.0 = Release|x64
		{C0CB6196-CA6A-4480-A988-2B3B5C280B55}.Debug|Any CPU.ActiveCfg = Debug|x64
		{C0CB6196-CA6A-4480-A988-2B3B5C280B55}.Debug|Any CPU.Build.0 = Debug|x64
		{C0CB6196-CA6A-4480-A988-2B3B5C280B55}.Debug|ARM.ActiveCfg = Debug|x64
		{C0CB6196-CA6A-4480-A988-2B3B5C280B55}.Debug|ARM.Build.0 = Debug|x64
		{C0CB6196-CA6A-4480-A988-2B3B5C280B55}.Debug|ARM64.ActiveCfg = Debug|x64
		{C0CB6196-CA6A-4480-A988-2B3B5C280B55}.Debug|ARM64.Build.0 = Debug|x64
		{C0CB6196-CA6A-4480-A988-2B3B5C280B55}.Debug|x64.ActiveCfg = Debug|x64
		{C0CB6196-CA6A-4480-A988-2B3B5C280B55}.Debug|x64.Build.0 = Debug|x64
		{C0CB6196-CA6A-4480-A988-2B3B5C280B55}.Debug|x86.ActiveCfg = Debug|x64
		{C0CB6196-CA6A-4480-A988-2B3B5C280B55}.Debug|x86.Build.0 = Debug|x64
		{C0CB6196-CA6A-4480-A988-2B3B5C280B55}.Release|Any CPU.ActiveCfg = Release|x64
		{C0CB6196-CA6A-4480-A988-2B3B5C280B55}.Release|Any CPU.Build.0 = Release|x64
		{C0CB6196-CA6A-4480-A988-2B3B5C280B55}.Release|ARM.ActiveCfg = Release|x64
		{C0CB6196-CA6A-4480-A988-2B3B5C280B55}.Release|ARM.Build.0 = Release|x64
		{C0CB6196-CA6A-4480-A988-2B3B5C280B55}.Release|ARM64.ActiveCfg = Release|x64
		{C0CB6196-CA6A-4480-A988-2B3B5C280B55}.Release|ARM64.Build.0 = Release|x64
		{C0CB6196-CA6A-4480-A988-2B3B5C280B55}.Release|x64.ActiveCfg = Release|x64
		{C0CB6196-CA6A-4480-A988-2B3B5C280B55}.Release|x64.Build.0 = Release|x64
		{C0CB6196-CA6A-4480-A988-2B3B5C280B55}.Release|x86.ActiveCfg = Release|x64
		{C0CB6196-CA6A-4480-A988-2B3B5C280B55}.Release|x86.Build.0 = Release|x64
		{0370D52C-8599-6BCC-D8B7-B7F73880C148}.Debug|Any CPU.ActiveCfg = Debug|x64
		{0370D52C-8599-6BCC-D8B7-B7F73880C148}.Debug|Any CPU.Build.0 = Debug|x64
		{0370D52C-8599-6BCC-D8B7-B7F73880C148}.Debug|ARM.ActiveCfg = Debug|x64
		{0370D52C-8599-6BCC-D8B7-B7F73880C148}.Debug|ARM.Build.0 = Debug|x64
		{0370D52C-8599-6BCC-D8B7-B7F73880C148}.Debug|ARM64.ActiveCfg = Debug|x64
		{0370D52C-8599-6BCC-D8B7-B7F73880C148}.Debug|ARM64.Build.0 = Debug|x64
		{0370D52C-8599-6BCC-D8B7-B7F73880C148}.Debug|x64.ActiveCfg = Debug|x64
		{0370D52C-8599-6BCC-D8B7-B7F73880C148}.Debug|x64.Build.0 = Debug|x64
		{0370D52C-8599-6BCC-D8B7-B7F73880C148}.Debug|x86.ActiveCfg = Debug|x64
		{0370D52C-8599-6BCC-D8B7-B7F73880C148}.Debug|x86.Build.0 = Debug|x64
		{0370D52C-8599-6BCC-D8B7-B7F73880C148}.Release|Any CPU.ActiveCfg = Release|x64
		{0370D52C-8599-6BCC-D8B7-B7F73880C148}.Release|Any CPU.Build.0 = Release|x64
		{0370D52C-8599-6BCC-D8B7-B7F73880C148}.Release|ARM.ActiveCfg = Release|x64
		{0370D52C-8599-6BCC-D8B7-B7F73880C148}.Release|ARM.Build.0 = Release|x64
		{0370D52C-8599-6BCC-D8B7-B7F73880C148}.Release|ARM64.ActiveCfg = Release|x64
		{0370D52C-8599-6BCC-D8B7-B7F73880C148}.Release|ARM64.Build.0 = Release|x64
		{0370D52C-8599-6BCC-D8B7-B7F73880C148}.Release|x64.ActiveCfg = Release|x64
		{0370D52C-8599-6BCC-D8B7-B7F73880C148}.Release|x64.Build.0 = Release|x64
		{0370D52C-8599-6BCC-D8B7-B7F73880C148}.Release|x86.ActiveCfg = Release|x64
		{0370D52C-8599-6BCC-D8B7-B7F73880C148}.Release|x86.Build.0 = Release|x64
		{524CE2D6-ED7E-40FB-98CB-5B12881D52CA}.Debug|Any CPU.ActiveCfg = Debug|Any CPU
		{524CE2D6-ED7E-40FB-98CB-5B12881D52CA}.Debug|Any CPU.Build.0 = Debug|Any CPU
		{524CE2D6-ED7E-40FB-98CB-5B12881D52CA}.Debug|Any CPU.Deploy.0 = Debug|Any CPU
		{524CE2D6-ED7E-40FB-98CB-5B12881D52CA}.Debug|ARM.ActiveCfg = Debug|ARM
		{524CE2D6-ED7E-40FB-98CB-5B12881D52CA}.Debug|ARM.Build.0 = Debug|ARM
		{524CE2D6-ED7E-40FB-98CB-5B12881D52CA}.Debug|ARM.Deploy.0 = Debug|ARM
		{524CE2D6-ED7E-40FB-98CB-5B12881D52CA}.Debug|ARM64.ActiveCfg = Debug|ARM64
		{524CE2D6-ED7E-40FB-98CB-5B12881D52CA}.Debug|ARM64.Build.0 = Debug|ARM64
		{524CE2D6-ED7E-40FB-98CB-5B12881D52CA}.Debug|ARM64.Deploy.0 = Debug|ARM64
		{524CE2D6-ED7E-40FB-98CB-5B12881D52CA}.Debug|x64.ActiveCfg = Debug|x64
		{524CE2D6-ED7E-40FB-98CB-5B12881D52CA}.Debug|x64.Build.0 = Debug|x64
		{524CE2D6-ED7E-40FB-98CB-5B12881D52CA}.Debug|x64.Deploy.0 = Debug|x64
		{524CE2D6-ED7E-40FB-98CB-5B12881D52CA}.Debug|x86.ActiveCfg = Debug|x86
		{524CE2D6-ED7E-40FB-98CB-5B12881D52CA}.Debug|x86.Build.0 = Debug|x86
		{524CE2D6-ED7E-40FB-98CB-5B12881D52CA}.Debug|x86.Deploy.0 = Debug|x86
		{524CE2D6-ED7E-40FB-98CB-5B12881D52CA}.Release|Any CPU.ActiveCfg = Release|Any CPU
		{524CE2D6-ED7E-40FB-98CB-5B12881D52CA}.Release|Any CPU.Build.0 = Release|Any CPU
		{524CE2D6-ED7E-40FB-98CB-5B12881D52CA}.Release|Any CPU.Deploy.0 = Release|Any CPU
		{524CE2D6-ED7E-40FB-98CB-5B12881D52CA}.Release|ARM.ActiveCfg = Release|ARM
		{524CE2D6-ED7E-40FB-98CB-5B12881D52CA}.Release|ARM.Build.0 = Release|ARM
		{524CE2D6-ED7E-40FB-98CB-5B12881D52CA}.Release|ARM.Deploy.0 = Release|ARM
		{524CE2D6-ED7E-40FB-98CB-5B12881D52CA}.Release|ARM64.ActiveCfg = Release|ARM64
		{524CE2D6-ED7E-40FB-98CB-5B12881D52CA}.Release|ARM64.Build.0 = Release|ARM64
		{524CE2D6-ED7E-40FB-98CB-5B12881D52CA}.Release|ARM64.Deploy.0 = Release|ARM64
		{524CE2D6-ED7E-40FB-98CB-5B12881D52CA}.Release|x64.ActiveCfg = Release|x64
		{524CE2D6-ED7E-40FB-98CB-5B12881D52CA}.Release|x64.Build.0 = Release|x64
		{524CE2D6-ED7E-40FB-98CB-5B12881D52CA}.Release|x64.Deploy.0 = Release|x64
		{524CE2D6-ED7E-40FB-98CB-5B12881D52CA}.Release|x86.ActiveCfg = Release|x86
		{524CE2D6-ED7E-40FB-98CB-5B12881D52CA}.Release|x86.Build.0 = Release|x86
		{524CE2D6-ED7E-40FB-98CB-5B12881D52CA}.Release|x86.Deploy.0 = Release|x86
		{52862F75-77EE-4004-82EE-914D92A07E44}.Debug|Any CPU.ActiveCfg = Debug|x64
		{52862F75-77EE-4004-82EE-914D92A07E44}.Debug|Any CPU.Build.0 = Debug|x64
		{52862F75-77EE-4004-82EE-914D92A07E44}.Debug|ARM.ActiveCfg = Debug|x64
		{52862F75-77EE-4004-82EE-914D92A07E44}.Debug|ARM.Build.0 = Debug|x64
		{52862F75-77EE-4004-82EE-914D92A07E44}.Debug|ARM64.ActiveCfg = Debug|x64
		{52862F75-77EE-4004-82EE-914D92A07E44}.Debug|ARM64.Build.0 = Debug|x64
		{52862F75-77EE-4004-82EE-914D92A07E44}.Debug|x64.ActiveCfg = Debug|x64
		{52862F75-77EE-4004-82EE-914D92A07E44}.Debug|x64.Build.0 = Debug|x64
		{52862F75-77EE-4004-82EE-914D92A07E44}.Debug|x86.ActiveCfg = Debug|x64
		{52862F75-77EE-4004-82EE-914D92A07E44}.Debug|x86.Build.0 = Debug|x64
		{52862F75-77EE-4004-82EE-914D92A07E44}.Release|Any CPU.ActiveCfg = Release|x64
		{52862F75-77EE-4004-82EE-914D92A07E44}.Release|Any CPU.Build.0 = Release|x64
		{52862F75-77EE-4004-82EE-914D92A07E44}.Release|ARM.ActiveCfg = Release|x64
		{52862F75-77EE-4004-82EE-914D92A07E44}.Release|ARM.Build.0 = Release|x64
		{52862F75-77EE-4004-82EE-914D92A07E44}.Release|ARM64.ActiveCfg = Release|x64
		{52862F75-77EE-4004-82EE-914D92A07E44}.Release|ARM64.Build.0 = Release|x64
		{52862F75-77EE-4004-82EE-914D92A07E44}.Release|x64.ActiveCfg = Release|x64
		{52862F75-77EE-4004-82EE-914D92A07E44}.Release|x64.Build.0 = Release|x64
		{52862F75-77EE-4004-82EE-914D92A07E44}.Release|x86.ActiveCfg = Release|x64
		{52862F75-77EE-4004-82EE-914D92A07E44}.Release|x86.Build.0 = Release|x64
		{E7D43EF8-6789-4009-A770-A017658BF9BC}.Debug|Any CPU.ActiveCfg = Debug|x64
		{E7D43EF8-6789-4009-A770-A017658BF9BC}.Debug|Any CPU.Build.0 = Debug|x64
		{E7D43EF8-6789-4009-A770-A017658BF9BC}.Debug|ARM.ActiveCfg = Debug|x64
		{E7D43EF8-6789-4009-A770-A017658BF9BC}.Debug|ARM.Build.0 = Debug|x64
		{E7D43EF8-6789-4009-A770-A017658BF9BC}.Debug|ARM64.ActiveCfg = Debug|x64
		{E7D43EF8-6789-4009-A770-A017658BF9BC}.Debug|ARM64.Build.0 = Debug|x64
		{E7D43EF8-6789-4009-A770-A017658BF9BC}.Debug|x64.ActiveCfg = Debug|x64
		{E7D43EF8-6789-4009-A770-A017658BF9BC}.Debug|x64.Build.0 = Debug|x64
		{E7D43EF8-6789-4009-A770-A017658BF9BC}.Debug|x86.ActiveCfg = Debug|x64
		{E7D43EF8-6789-4009-A770-A017658BF9BC}.Debug|x86.Build.0 = Debug|x64
		{E7D43EF8-6789-4009-A770-A017658BF9BC}.Release|Any CPU.ActiveCfg = Release|x64
		{E7D43EF8-6789-4009-A770-A017658BF9BC}.Release|Any CPU.Build.0 = Release|x64
		{E7D43EF8-6789-4009-A770-A017658BF9BC}.Release|ARM.ActiveCfg = Release|x64
		{E7D43EF8-6789-4009-A770-A017658BF9BC}.Release|ARM.Build.0 = Release|x64
		{E7D43EF8-6789-4009-A770-A017658BF9BC}.Release|ARM64.ActiveCfg = Release|x64
		{E7D43EF8-6789-4009-A770-A017658BF9BC}.Release|ARM64.Build.0 = Release|x64
		{E7D43EF8-6789-4009-A770-A017658BF9BC}.Release|x64.ActiveCfg = Release|x64
		{E7D43EF8-6789-4009-A770-A017658BF9BC}.Release|x64.Build.0 = Release|x64
		{E7D43EF8-6789-4009-A770-A017658BF9BC}.Release|x86.ActiveCfg = Release|x64
		{E7D43EF8-6789-4009-A770-A017658BF9BC}.Release|x86.Build.0 = Release|x64
	EndGlobalSection
	GlobalSection(SolutionProperties) = preSolution
		HideSolutionNode = FALSE
	EndGlobalSection
	GlobalSection(ExtensibilityGlobals) = postSolution
		SolutionGuid = {1A922916-7554-46D4-BE8F-6FCF5DC4C327}
	EndGlobalSection
EndGlobal
